
Microsoft Visual Studio Solution File, Format Version 12.00
# Visual Studio Version 16
VisualStudioVersion = 16.0.31727.386
MinimumVisualStudioVersion = 10.0.40219.1
Project("{FAE04EC0-301F-11D3-BF4B-00C04F79EFBC}") = "Practice02", "Practice02\Practice02.csproj", "{7AF9430F-CB6D-4218-A483-12DFE61A6402}"
EndProject
Global
	GlobalSection(SolutionConfigurationPlatforms) = preSolution
		Debug|Any CPU = Debug|Any CPU
		Release|Any CPU = Release|Any CPU
	EndGlobalSection
	GlobalSection(ProjectConfigurationPlatforms) = postSolution
		{7AF9430F-CB6D-4218-A483-12DFE61A6402}.Debug|Any CPU.ActiveCfg = Debug|Any CPU
		{7AF9430F-CB6D-4218-A483-12DFE61A6402}.Debug|Any CPU.Build.0 = Debug|Any CPU
		{7AF9430F-CB6D-4218-A483-12DFE61A6402}.Release|Any CPU.ActiveCfg = Release|Any CPU
		{7AF9430F-CB6D-4218-A483-12DFE61A6402}.Release|Any CPU.Build.0 = Release|Any CPU
	EndGlobalSection
	GlobalSection(SolutionProperties) = preSolution
		HideSolutionNode = FALSE
	EndGlobalSection
	GlobalSection(ExtensibilityGlobals) = postSolution
		SolutionGuid = {ACFA6D5B-F0B5-4602-8A8A-94CAADE54867}
	EndGlobalSection
EndGlobal
